
Microsoft Visual Studio Solution File, Format Version 12.00
# Visual Studio 15
VisualStudioVersion = 15.0.27130.2010
MinimumVisualStudioVersion = 10.0.40219.1
Project("{FAE04EC0-301F-11D3-BF4B-00C04F79EFBC}") = "CSVtoQR", "CSVtoQR\CSVtoQR.csproj", "{3B540EF7-FE10-4709-94CC-96CE81910081}"
EndProject
Global
	GlobalSection(SolutionConfigurationPlatforms) = preSolution
		Debug|Any CPU = Debug|Any CPU
		Release|Any CPU = Release|Any CPU
	EndGlobalSection
	GlobalSection(ProjectConfigurationPlatforms) = postSolution
		{3B540EF7-FE10-4709-94CC-96CE81910081}.Debug|Any CPU.ActiveCfg = Debug|Any CPU
		{3B540EF7-FE10-4709-94CC-96CE81910081}.Debug|Any CPU.Build.0 = Debug|Any CPU
		{3B540EF7-FE10-4709-94CC-96CE81910081}.Release|Any CPU.ActiveCfg = Release|Any CPU
		{3B540EF7-FE10-4709-94CC-96CE81910081}.Release|Any CPU.Build.0 = Release|Any CPU
	EndGlobalSection
	GlobalSection(SolutionProperties) = preSolution
		HideSolutionNode = FALSE
	EndGlobalSection
	GlobalSection(ExtensibilityGlobals) = postSolution
		SolutionGuid = {DE828F89-32F3-4BD8-BE1A-8193A1FE0546}
	EndGlobalSection
EndGlobal
